
Microsoft Visual Studio Solution File, Format Version 12.00
# Visual Studio Version 17
VisualStudioVersion = 17.14.36203.30 d17.14
MinimumVisualStudioVersion = 10.0.40219.1
Project("{FAE04EC0-301F-11D3-BF4B-00C04F79EFBC}") = "testprocedurediff", "testprocedurediff.csproj", "{FAC14241-1BD0-4CB7-B0D2-199387C38327}"
EndProject
Global
	GlobalSection(SolutionConfigurationPlatforms) = preSolution
		Debug|Any CPU = Debug|Any CPU
		Release|Any CPU = Release|Any CPU
	EndGlobalSection
	GlobalSection(ProjectConfigurationPlatforms) = postSolution
		{FAC14241-1BD0-4CB7-B0D2-199387C38327}.Debug|Any CPU.ActiveCfg = Debug|Any CPU
		{FAC14241-1BD0-4CB7-B0D2-199387C38327}.Debug|Any CPU.Build.0 = Debug|Any CPU
		{FAC14241-1BD0-4CB7-B0D2-199387C38327}.Release|Any CPU.ActiveCfg = Release|Any CPU
		{FAC14241-1BD0-4CB7-B0D2-199387C38327}.Release|Any CPU.Build.0 = Release|Any CPU
	EndGlobalSection
	GlobalSection(SolutionProperties) = preSolution
		HideSolutionNode = FALSE
	EndGlobalSection
	GlobalSection(ExtensibilityGlobals) = postSolution
		SolutionGuid = {49B13C04-8588-4BBB-8EC0-AC7F868B1D84}
	EndGlobalSection
EndGlobal
