
Microsoft Visual Studio Solution File, Format Version 12.00
# Visual Studio Version 17
VisualStudioVersion = 17.13.35806.99
MinimumVisualStudioVersion = 10.0.40219.1
Project("{FAE04EC0-301F-11D3-BF4B-00C04F79EFBC}") = "Liscenses", "Liscenses.csproj", "{DC963B13-8468-46FD-992F-CC3B72F3CCB2}"
	ProjectSection(ProjectDependencies) = postProject
		{2D170376-2517-4597-A6EF-7D5B92CAE65D} = {2D170376-2517-4597-A6EF-7D5B92CAE65D}
		{D76AAA12-7A5C-4EAA-AC89-66EEF10ECBB2} = {D76AAA12-7A5C-4EAA-AC89-66EEF10ECBB2}
	EndProjectSection
EndProject
Project("{FAE04EC0-301F-11D3-BF4B-00C04F79EFBC}") = "DataLayer", "..\DataLayer\DataLayer.csproj", "{2192F21C-8657-4ADC-8393-18C7C92BD96A}"
EndProject
Project("{FAE04EC0-301F-11D3-BF4B-00C04F79EFBC}") = "EntityLayer", "..\EntitysLayer\EntityLayer.csproj", "{D76AAA12-7A5C-4EAA-AC89-66EEF10ECBB2}"
EndProject
Project("{2150E333-8FDC-42A3-9474-1A3956D46DE8}") = "Solution Items", "Solution Items", "{02EA681E-C7D8-13C7-8484-4AC65E1B71E8}"
EndProject
Project("{FAE04EC0-301F-11D3-BF4B-00C04F79EFBC}") = "MidLayer", "..\MidLayer\MidLayer.csproj", "{2D170376-2517-4597-A6EF-7D5B92CAE65D}"
EndProject
Global
	GlobalSection(SolutionConfigurationPlatforms) = preSolution
		Debug|Any CPU = Debug|Any CPU
		Release|Any CPU = Release|Any CPU
	EndGlobalSection
	GlobalSection(ProjectConfigurationPlatforms) = postSolution
		{DC963B13-8468-46FD-992F-CC3B72F3CCB2}.Debug|Any CPU.ActiveCfg = Debug|Any CPU
		{DC963B13-8468-46FD-992F-CC3B72F3CCB2}.Debug|Any CPU.Build.0 = Debug|Any CPU
		{DC963B13-8468-46FD-992F-CC3B72F3CCB2}.Release|Any CPU.ActiveCfg = Release|Any CPU
		{DC963B13-8468-46FD-992F-CC3B72F3CCB2}.Release|Any CPU.Build.0 = Release|Any CPU
		{2192F21C-8657-4ADC-8393-18C7C92BD96A}.Debug|Any CPU.ActiveCfg = Debug|Any CPU
		{2192F21C-8657-4ADC-8393-18C7C92BD96A}.Debug|Any CPU.Build.0 = Debug|Any CPU
		{2192F21C-8657-4ADC-8393-18C7C92BD96A}.Release|Any CPU.ActiveCfg = Release|Any CPU
		{2192F21C-8657-4ADC-8393-18C7C92BD96A}.Release|Any CPU.Build.0 = Release|Any CPU
		{D76AAA12-7A5C-4EAA-AC89-66EEF10ECBB2}.Debug|Any CPU.ActiveCfg = Debug|Any CPU
		{D76AAA12-7A5C-4EAA-AC89-66EEF10ECBB2}.Debug|Any CPU.Build.0 = Debug|Any CPU
		{D76AAA12-7A5C-4EAA-AC89-66EEF10ECBB2}.Release|Any CPU.ActiveCfg = Release|Any CPU
		{D76AAA12-7A5C-4EAA-AC89-66EEF10ECBB2}.Release|Any CPU.Build.0 = Release|Any CPU
		{2D170376-2517-4597-A6EF-7D5B92CAE65D}.Debug|Any CPU.ActiveCfg = Debug|Any CPU
		{2D170376-2517-4597-A6EF-7D5B92CAE65D}.Debug|Any CPU.Build.0 = Debug|Any CPU
		{2D170376-2517-4597-A6EF-7D5B92CAE65D}.Release|Any CPU.ActiveCfg = Release|Any CPU
		{2D170376-2517-4597-A6EF-7D5B92CAE65D}.Release|Any CPU.Build.0 = Release|Any CPU
	EndGlobalSection
	GlobalSection(SolutionProperties) = preSolution
		HideSolutionNode = FALSE
	EndGlobalSection
	GlobalSection(ExtensibilityGlobals) = postSolution
		SolutionGuid = {7738383C-B04C-4B37-8DB1-DB7DD0A09F2C}
	EndGlobalSection
EndGlobal
