
Microsoft Visual Studio Solution File, Format Version 12.00
# Visual Studio Version 17
VisualStudioVersion = 17.14.36127.28 d17.14
MinimumVisualStudioVersion = 10.0.40219.1
Project("{FAE04EC0-301F-11D3-BF4B-00C04F79EFBC}") = "MidLayerx", "MidLayerx.csproj", "{FEC42DDA-37E1-4A2E-8964-D2142A2CFE89}"
EndProject
Project("{FAE04EC0-301F-11D3-BF4B-00C04F79EFBC}") = "MidLayer", "..\MidLayer\MidLayer.csproj", "{2D170376-2517-4597-A6EF-7D5B92CAE65D}"
EndProject
Global
	GlobalSection(SolutionConfigurationPlatforms) = preSolution
		Debug|Any CPU = Debug|Any CPU
		Release|Any CPU = Release|Any CPU
	EndGlobalSection
	GlobalSection(ProjectConfigurationPlatforms) = postSolution
		{FEC42DDA-37E1-4A2E-8964-D2142A2CFE89}.Debug|Any CPU.ActiveCfg = Debug|Any CPU
		{FEC42DDA-37E1-4A2E-8964-D2142A2CFE89}.Debug|Any CPU.Build.0 = Debug|Any CPU
		{FEC42DDA-37E1-4A2E-8964-D2142A2CFE89}.Release|Any CPU.ActiveCfg = Release|Any CPU
		{FEC42DDA-37E1-4A2E-8964-D2142A2CFE89}.Release|Any CPU.Build.0 = Release|Any CPU
		{2D170376-2517-4597-A6EF-7D5B92CAE65D}.Debug|Any CPU.ActiveCfg = Debug|Any CPU
		{2D170376-2517-4597-A6EF-7D5B92CAE65D}.Debug|Any CPU.Build.0 = Debug|Any CPU
		{2D170376-2517-4597-A6EF-7D5B92CAE65D}.Release|Any CPU.ActiveCfg = Release|Any CPU
		{2D170376-2517-4597-A6EF-7D5B92CAE65D}.Release|Any CPU.Build.0 = Release|Any CPU
	EndGlobalSection
	GlobalSection(SolutionProperties) = preSolution
		HideSolutionNode = FALSE
	EndGlobalSection
	GlobalSection(ExtensibilityGlobals) = postSolution
		SolutionGuid = {41BEF49A-BEFB-422B-8BF3-1BBAC1111FDF}
	EndGlobalSection
EndGlobal
